
Microsoft Visual Studio Solution File, Format Version 12.00
# Visual Studio Version 17
VisualStudioVersion = 17.3.32901.215
MinimumVisualStudioVersion = 10.0.40219.1
Project("{FAE04EC0-301F-11D3-BF4B-00C04F79EFBC}") = "ChatBot", "ChatBot\ChatBot.csproj", "{05024EC5-94C8-43CC-91EA-12231E2C2E9A}"
EndProject
Global
	GlobalSection(SolutionConfigurationPlatforms) = preSolution
		Debug|Any CPU = Debug|Any CPU
		Release|Any CPU = Release|Any CPU
	EndGlobalSection
	GlobalSection(ProjectConfigurationPlatforms) = postSolution
		{05024EC5-94C8-43CC-91EA-12231E2C2E9A}.Debug|Any CPU.ActiveCfg = Debug|Any CPU
		{05024EC5-94C8-43CC-91EA-12231E2C2E9A}.Debug|Any CPU.Build.0 = Debug|Any CPU
		{05024EC5-94C8-43CC-91EA-12231E2C2E9A}.Release|Any CPU.ActiveCfg = Release|Any CPU
		{05024EC5-94C8-43CC-91EA-12231E2C2E9A}.Release|Any CPU.Build.0 = Release|Any CPU
	EndGlobalSection
	GlobalSection(SolutionProperties) = preSolution
		HideSolutionNode = FALSE
	EndGlobalSection
	GlobalSection(ExtensibilityGlobals) = postSolution
		SolutionGuid = {CE83A4FB-FE8A-4875-B262-8C7ED891ED08}
	EndGlobalSection
EndGlobal
